{
  "lockfileVersion": 1,
  "configVersion": 1,
  "workspaces": {
    "": {
      "name": "effect4-eff",
      "dependencies": {
        "effect": "4.0.0-rc.112",
        "oxc-parser": "0.147.0",
      },
      "devDependencies": {
        "@types/bun": "^1.4.1",
        "typescript": "5.9.2",
      },
    },
  },
  "packages": {
    "@msgpackr-extract/msgpackr-extract-darwin-arm64": ["@msgpackr-extract/msgpackr-extract-darwin-arm64@3.0.4", "", { "os": "darwin", "cpu": "arm64" }, "sha512-LCkGo6JDfaBhgST7UpPWgNgLINpcpabaHfyz5OBx75nUYxBsaEPxjnyNjWpeb/xBup/682QnBfRBy2/LvPutZQ=="],

    "@msgpackr-extract/msgpackr-extract-darwin-x64": ["@msgpackr-extract/msgpackr-extract-darwin-x64@3.0.4", "", { "os": "darwin", "cpu": "x64" }, "sha512-zExlW9zUJKZH/tOtVMttwjKa4Xm/3KcNjnE3dPN92uCktwavMxpgCA3MoJK/DOnTWsQgo224OaST27/mPNAf+w=="],

    "@msgpackr-extract/msgpackr-extract-linux-arm": ["@msgpackr-extract/msgpackr-extract-linux-arm@3.0.4", "", { "os": "linux", "cpu": "arm" }, "sha512-Tg3yX65f5GbtXLkrYEHE5oibZG9epyYWas7FogTTEJeDEF9JlXJzKgXaNhT3UXlTOeA+AfZpYZYZ0uPj7Cfquw=="],

    "@msgpackr-extract/msgpackr-extract-linux-arm64": ["@msgpackr-extract/msgpackr-extract-linux-arm64@3.0.4", "", { "os": "linux", "cpu": "arm64" }, "sha512-dgX0P/9wGPJeHFBG+ZmhgE6bmtMt7NP5CRBGyyktpopdk/mW4POnrpQsSLtKI1dwpc+pPLuXHDh6vvskyQE/sw=="],

    "@msgpackr-extract/msgpackr-extract-linux-x64": ["@msgpackr-extract/msgpackr-extract-linux-x64@3.0.4", "", { "os": "linux", "cpu": "x64" }, "sha512-8TNXMEjJc3QEy7R/x1INhgiU+XakDAFUzBhaz7+Rbrs8NH5UQeHQxxmzsSBJGyV6I1jW79undiQm8tOI+D+8FQ=="],

    "@msgpackr-extract/msgpackr-extract-win32-x64": ["@msgpackr-extract/msgpackr-extract-win32-x64@3.0.4", "", { "os": "win32", "cpu": "x64" }, "sha512-CmCXPQrkbwExx3j946/PtHWHbYJiCRBRDl4BlkRQcJB/YOwQxJRTpoo7aTsortjgoJ1x7opzTSxn7C+ASSLVjQ=="],

    "@oxc-parser/binding-android-arm-eabi": ["@oxc-parser/binding-android-arm-eabi@0.147.0", "", { "os": "android", "cpu": "arm" }, "sha512-fOtoGvIoirkvxQVw9J1WJPxz571XPgLsPf9uhRD+PJteUnvrJHMDmK9pw2yZEGGyismtRoEsp+JcXUdF/JDMDw=="],

    "@oxc-parser/binding-android-arm64": ["@oxc-parser/binding-android-arm64@0.147.0", "", { "os": "android", "cpu": "arm64" }, "sha512-emjQHOYJaomo4ykaXQ1EItunr/I94Nk01oqBmU4dSkKSTupIDx6OysVDf2e8Eytm77rb+4ZxzgElyWP7rcEX7A=="],

    "@oxc-parser/binding-darwin-arm64": ["@oxc-parser/binding-darwin-arm64@0.147.0", "", { "os": "darwin", "cpu": "arm64" }, "sha512-kXvBPJL7RmDPJ2mze/vXPPVQimCDtFr9OFLjf7dyhV5Dx64cgcXh9KKrA1sMWvCObvJll9CZZUO0FBlFwD0l6A=="],

    "@oxc-parser/binding-darwin-x64": ["@oxc-parser/binding-darwin-x64@0.147.0", "", { "os": "darwin", "cpu": "x64" }, "sha512-mgFF8pLU6R64LbT27lSrtVRspVC/3IcZ0qyIikzmi78Y3Ik2OPnlAHHI0UEBRcC3qmNgtjaef7zkFt7/uPxIcw=="],

    "@oxc-parser/binding-freebsd-x64": ["@oxc-parser/binding-freebsd-x64@0.147.0", "", { "os": "freebsd", "cpu": "x64" }, "sha512-v38aiF11qufOTBcCAKL4skgQf0zJ4NEvRlivq7B5kHrlyvjCLjvNrMtNWDTz1SDUL6/xVsJRmLDxv2e+Cp4oWw=="],

    "@oxc-parser/binding-linux-arm-gnueabihf": ["@oxc-parser/binding-linux-arm-gnueabihf@0.147.0", "", { "os": "linux", "cpu": "arm" }, "sha512-AeIiBbwUaP0H1+4/qGW9l5qHecS/+XA5iMuieVcGb1T+tyc2dVGspFW13BWk/XrLsiGP/CiDJTJqAPLLCzZHkw=="],

    "@oxc-parser/binding-linux-arm-musleabihf": ["@oxc-parser/binding-linux-arm-musleabihf@0.147.0", "", { "os": "linux", "cpu": "arm" }, "sha512-/41MKPW4RgPY4DJco0NCF0RYX3IMZaVlRNMNzvhaxRavc7tN3Txm+qllZbh0aMRs0VHdgUlbI8TcAOiTai4TKg=="],

    "@oxc-parser/binding-linux-arm64-gnu": ["@oxc-parser/binding-linux-arm64-gnu@0.147.0", "", { "os": "linux", "cpu": "arm64" }, "sha512-bmpw/RPhVXgZbtb3xBDuwW5s8+LvZYdqcDSX/sP2ltL77aTio3DP/B5ZTwwgoJ6Mr9vJs4RrmgEKW9XkLNUU1g=="],

    "@oxc-parser/binding-linux-arm64-musl": ["@oxc-parser/binding-linux-arm64-musl@0.147.0", "", { "os": "linux", "cpu": "arm64" }, "sha512-gd7VX/FDVOw6mjQcu45iIcp4QkgybgJwh3a0OFG2NxmPCj628mQWD96QGu1kK8+mZF9qK4b/gIEyC63vQoB7+Q=="],

    "@oxc-parser/binding-linux-ppc64-gnu": ["@oxc-parser/binding-linux-ppc64-gnu@0.147.0", "", { "os": "linux", "cpu": "ppc64" }, "sha512-HnAzcfki7dSUNHf510Q2NmbJlz8Ys7rn8l9l588Pkx0tYe1BHLZnmELIgqizJ4WPhHGSwN8Ce+B/menVxS3odA=="],

    "@oxc-parser/binding-linux-riscv64-gnu": ["@oxc-parser/binding-linux-riscv64-gnu@0.147.0", "", { "os": "linux", "cpu": "none" }, "sha512-qlkOL6wT44U+fT5s/+sR6Shx0OdwvQF83JyIPZUxG/ovqZF5/7atOtjH+JPZ5/7ATQLbFBBSmghcy/+2NVB/ew=="],

    "@oxc-parser/binding-linux-riscv64-musl": ["@oxc-parser/binding-linux-riscv64-musl@0.147.0", "", { "os": "linux", "cpu": "none" }, "sha512-DlefD7L7sMXs/3hIBH23Egk0phj8kG0SA81dVGOQ3S1ekjOlmTLH2E+F2Thwfh1slKx6aH+lNc5fQYAw0GU7/g=="],

    "@oxc-parser/binding-linux-s390x-gnu": ["@oxc-parser/binding-linux-s390x-gnu@0.147.0", "", { "os": "linux", "cpu": "s390x" }, "sha512-Xqpagk/031IvZ4svrk2FF01YEqM/iN3MJV3SVZadKg/CsGlDCGoREqKHXYnoV5+8SfGe/m6RM1szXFLusTu/Uw=="],

    "@oxc-parser/binding-linux-x64-gnu": ["@oxc-parser/binding-linux-x64-gnu@0.147.0", "", { "os": "linux", "cpu": "x64" }, "sha512-QioQOeUbI4ATUr0S2z88uA3Cds2R3Mm5Ge7U8XNYtlTb2GJF3rWlcj70z0AJhhOlbdm0YgVjqPBldUNbFylDIg=="],

    "@oxc-parser/binding-linux-x64-musl": ["@oxc-parser/binding-linux-x64-musl@0.147.0", "", { "os": "linux", "cpu": "x64" }, "sha512-NXy1tv/OdC+pPTwf9RiCZWPK53V/Xq/2cjSnjOSyKopajdaDqMIkgtDY+jXZemp2e8px5FeWfY2L2LwhKZQovg=="],

    "@oxc-parser/binding-openharmony-arm64": ["@oxc-parser/binding-openharmony-arm64@0.147.0", "", { "os": "none", "cpu": "arm64" }, "sha512-GpGWZ6oKz4bjCWW9Mz5pCaGPyk2Aaze6zEoaslIQqpSLtpx5pXj/ap5gUNb5Jn2LIbqWyjkGLX9yv3NMuNcBVQ=="],

    "@oxc-parser/binding-win32-arm64-msvc": ["@oxc-parser/binding-win32-arm64-msvc@0.147.0", "", { "os": "win32", "cpu": "arm64" }, "sha512-a8mlt7CC8z7LUdCfaxhff4kCd+vSjE+NEFL0cxA8ukfuSnvAto/pWTjytW4BuVLnQGcCVdHJwcRKOfs++H+tjw=="],

    "@oxc-parser/binding-win32-ia32-msvc": ["@oxc-parser/binding-win32-ia32-msvc@0.147.0", "", { "os": "win32", "cpu": "ia32" }, "sha512-M5ViVDBcFLnl2632AuuWuP35zEL5oikK1jTx8r3+902VEDeSNHxFZAB6RZyfZ7MU6Oi5QTOG8MmMkIeHsudSaw=="],

    "@oxc-parser/binding-win32-x64-msvc": ["@oxc-parser/binding-win32-x64-msvc@0.147.0", "", { "os": "win32", "cpu": "x64" }, "sha512-DUaE13OwnUSlHpLZNcC/nuT10ivlWqc5EZgsfgXuAmWYw0r3nDxGeLD1zlGwYwIgVk1/ZMAxoXpV+05stvbHaA=="],

    "@oxc-project/types": ["@oxc-project/types@0.147.0", "", {}, "sha512-IJ3s6ltHLp45S0bh7phkX+gJO7A1Wuz2EaqpAhb8WjqDwbzMiWKHhyyT42tskaWjEYXtHtVCPpnBJVT9+dcRLg=="],

    "@types/bun": ["@types/bun@1.4.1", "", { "dependencies": { "bun-types": "1.4.1" } }, "sha512-0AVGiTXGajf1rgKom3N+c5L7CBxuoyyv1i44M0nX4UDK0G/fnRAMiri93nHuVPIb429KKtAgj7HatVmmOjeQLA=="],

    "@types/node": ["@types/node@26.4.1", "", { "dependencies": { "undici-types": "~8.3.0" } }, "sha512-k97ENvZWtvA6yqz5/FS6a7duDgOPEeOQOc2iKS/nY6mX6qJUKtLnWzQS+Xj6tXweyj6ZcTAK2Qecetnvi9nCLA=="],

    "bun-types": ["bun-types@1.4.1", "", { "dependencies": { "@types/node": "*" } }, "sha512-loKuVrAFZKfEv+JvWkHRS9GW5IqLuLRjVXN9p+vZvBN86O5hf/pBZQ5hSoyipsrMmWObZBDvWnlmKvjKTM0PdA=="],

    "detect-libc": ["detect-libc@2.1.2", "", {}, "sha512-Btj2BOOO83o3WyH59e8MgXsxEQVcarkUOpEYrubB0urwnN10yQ364rsiByU11nZlqWYZm05i/of7io4mzihBtQ=="],

    "effect": ["effect@4.0.0-rc.112", "", { "dependencies": { "fast-check": "^4.9.0", "msgpackr": "^2.0.5" } }, "sha512-wXxwuh1Ywnv4cPRM3Wfa0vDwuOHnZ1TsTgHJkG9XgzND6inhBH9n1vBxhg3iIXOia/OrpmvVmd3lrD4vq6bF3A=="],

    "fast-check": ["fast-check@4.9.0", "", { "dependencies": { "pure-rand": "^8.0.0" } }, "sha512-7ms6T7SybUev/PQITciI0yLM2pOSFy5zpG8Ty7tQofcVaQUvrMXp6CBwqF6fThLCLOrfBtuHAtwq6Yu4XPCllg=="],

    "msgpackr": ["msgpackr@2.1.0", "", { "optionalDependencies": { "msgpackr-extract": "^3.0.4" } }, "sha512-p/pBCVO63CsvvpkomUnNNag6+n38rULuDA6HHe70o2gtC8ODI52foF/4ko2qQcp6OiErJXTmrZeXmsGGHsIQNQ=="],

    "msgpackr-extract": ["msgpackr-extract@3.0.4", "", { "dependencies": { "node-gyp-build-optional-packages": "5.2.2" }, "optionalDependencies": { "@msgpackr-extract/msgpackr-extract-darwin-arm64": "3.0.4", "@msgpackr-extract/msgpackr-extract-darwin-x64": "3.0.4", "@msgpackr-extract/msgpackr-extract-linux-arm": "3.0.4", "@msgpackr-extract/msgpackr-extract-linux-arm64": "3.0.4", "@msgpackr-extract/msgpackr-extract-linux-x64": "3.0.4", "@msgpackr-extract/msgpackr-extract-win32-x64": "3.0.4" }, "bin": { "download-msgpackr-prebuilds": "bin/download-prebuilds.js" } }, "sha512-4kmO/MdyUIkLIvTPr8VHLil4AtoKIoniWPIEk5+CDy0xnWC84azhSFmuJ7PxZdsYtiP5kEeQsORAVIeMgxT+Hw=="],

    "node-gyp-build-optional-packages": ["node-gyp-build-optional-packages@5.2.2", "", { "dependencies": { "detect-libc": "^2.0.1" }, "bin": { "node-gyp-build-optional-packages": "bin.js", "node-gyp-build-optional-packages-optional": "optional.js", "node-gyp-build-optional-packages-test": "build-test.js" } }, "sha512-s+w+rBWnpTMwSFbaE0UXsRlg7hU4FjekKU4eyAih5T8nJuNZT1nNsskXpxmeqSK9UzkBl6UgRlnKc8hz8IEqOw=="],

    "oxc-parser": ["oxc-parser@0.147.0", "", { "dependencies": { "@oxc-project/types": "^0.147.0" }, "optionalDependencies": { "@oxc-parser/binding-android-arm-eabi": "0.147.0", "@oxc-parser/binding-android-arm64": "0.147.0", "@oxc-parser/binding-darwin-arm64": "0.147.0", "@oxc-parser/binding-darwin-x64": "0.147.0", "@oxc-parser/binding-freebsd-x64": "0.147.0", "@oxc-parser/binding-linux-arm-gnueabihf": "0.147.0", "@oxc-parser/binding-linux-arm-musleabihf": "0.147.0", "@oxc-parser/binding-linux-arm64-gnu": "0.147.0", "@oxc-parser/binding-linux-arm64-musl": "0.147.0", "@oxc-parser/binding-linux-ppc64-gnu": "0.147.0", "@oxc-parser/binding-linux-riscv64-gnu": "0.147.0", "@oxc-parser/binding-linux-riscv64-musl": "0.147.0", "@oxc-parser/binding-linux-s390x-gnu": "0.147.0", "@oxc-parser/binding-linux-x64-gnu": "0.147.0", "@oxc-parser/binding-linux-x64-musl": "0.147.0", "@oxc-parser/binding-openharmony-arm64": "0.147.0", "@oxc-parser/binding-win32-arm64-msvc": "0.147.0", "@oxc-parser/binding-win32-ia32-msvc": "0.147.0", "@oxc-parser/binding-win32-x64-msvc": "0.147.0" } }, "sha512-5xaug6t7GfV3BO5Iv+xHW1rmQkDEQ3BEu3L8g3InsvWO5i8CYGc4tCZ2X985QcwWNycFJam+aOns6Nr2XAThTA=="],

    "pure-rand": ["pure-rand@8.4.2", "", {}, "sha512-vvuOGgcuPJAirlHvuQw1TrOiw7ptaIXXmIbNuiNOY6lNGJJH49PQ1Kj4nd783nPdQhQdicgOjVI2yI/9BD6/Ng=="],

    "typescript": ["typescript@5.9.2", "", { "bin": { "tsc": "bin/tsc", "tsserver": "bin/tsserver" } }, "sha512-CWBzXQrc/qOkhidw1OzBTQuYRbfyxDXJMVJ1XNwUHGROVmuaeiEm3OslpZ1RV96d7SKKjZKrSJu3+t/xlw3R9A=="],

    "undici-types": ["undici-types@8.3.0", "", {}, "sha512-j375ScV60dom+YkPFIfTLcOiPxkN/buHz5GobjLhixFuANaNs3C9l4GmrWqejgXWJ7BbJcFYpTEUkS1Ge8bpZQ=="],
  }
}
